// !$*UTF8*$!
{
	archiveVersion = 1;
	classes = {
	};
	objectVersion = 50;
	objects = {

/* Begin PBXBuildFile section */
		BA21AB8C24A44FB200217CFD /* AppDelegate.swift in Sources */ = {isa = PBXBuildFile; fileRef = BA21AB8B24A44FB200217CFD /* AppDelegate.swift */; };
		BA21AB8E24A44FB200217CFD /* SceneDelegate.swift in Sources */ = {isa = PBXBuildFile; fileRef = BA21AB8D24A44FB200217CFD /* SceneDelegate.swift */; };
		BA21AB9024A44FB200217CFD /* ContentView.swift in Sources */ = {isa = PBXBuildFile; fileRef = BA21AB8F24A44FB200217CFD /* ContentView.swift */; };
		BA21AB9224A44FB500217CFD /* Assets.xcassets in Resources */ = {isa = PBXBuildFile; fileRef = BA21AB9124A44FB500217CFD /* Assets.xcassets */; };
		BA21AB9524A44FB500217CFD /* Preview Assets.xcassets in Resources */ = {isa = PBXBuildFile; fileRef = BA21AB9424A44FB500217CFD /* Preview Assets.xcassets */; };
		BA21AB9824A44FB500217CFD /* LaunchScreen.storyboard in Resources */ = {isa = PBXBuildFile; fileRef = BA21AB9624A44FB500217CFD /* LaunchScreen.storyboard */; };
		BA701C4724A4C7CF00119745 /* ImageLoader.swift in Sources */ = {isa = PBXBuildFile; fileRef = BA701C4624A4C7CF00119745 /* ImageLoader.swift */; };
		BAA5777624A4790A007400F0 /* HeroView.swift in Sources */ = {isa = PBXBuildFile; fileRef = BAA5777524A4790A007400F0 /* HeroView.swift */; };
/* End PBXBuildFile section */

/* Begin PBXFileReference section */
		BA21AB8824A44FB200217CFD /* Food Delivery.app */ = {isa = PBXFileReference; explicitFileType = wrapper.application; includeInIndex = 0; path = "Food Delivery.app"; sourceTree = BUILT_PRODUCTS_DIR; };
		BA21AB8B24A44FB200217CFD /* AppDelegate.swift */ = {isa = PBXFileReference; lastKnownFileType = sourcecode.swift; path = AppDelegate.swift; sourceTree = "<group>"; };
		BA21AB8D24A44FB200217CFD /* SceneDelegate.swift */ = {isa = PBXFileReference; lastKnownFileType = sourcecode.swift; path = SceneDelegate.swift; sourceTree = "<group>"; };
		BA21AB8F24A44FB200217CFD /* ContentView.swift */ = {isa = PBXFileReference; lastKnownFileType = sourcecode.swift; path = ContentView.swift; sourceTree = "<group>"; };
		BA21AB9124A44FB500217CFD /* Assets.xcassets */ = {isa = PBXFileReference; lastKnownFileType = folder.assetcatalog; path = Assets.xcassets; sourceTree = "<group>"; };
		BA21AB9424A44FB500217CFD /* Preview Assets.xcassets */ = {isa = PBXFileReference; lastKnownFileType = folder.assetcatalog; path = "Preview Assets.xcassets"; sourceTree = "<group>"; };
		BA21AB9724A44FB500217CFD /* Base */ = {isa = PBXFileReference; lastKnownFileType = file.storyboard; name = Base; path = Base.lproj/LaunchScreen.storyboard; sourceTree = "<group>"; };
		BA21AB9924A44FB500217CFD /* Info.plist */ = {isa = PBXFileReference; lastKnownFileType = text.plist.xml; path = Info.plist; sourceTree = "<group>"; };
		BA701C4624A4C7CF00119745 /* ImageLoader.swift */ = {isa = PBXFileReference; lastKnownFileType = sourcecode.swift; path = ImageLoader.swift; sourceTree = "<group>"; };
		BAA5777524A4790A007400F0 /* HeroView.swift */ = {isa = PBXFileReference; lastKnownFileType = sourcecode.swift; path = HeroView.swift; sourceTree = "<group>"; };
/* End PBXFileReference section */

/* Begin PBXFrameworksBuildPhase section */
		BA21AB8524A44FB200217CFD /* Frameworks */ = {
			isa = PBXFrameworksBuildPhase;
			buildActionMask = 2147483647;
			files = (
			);
			runOnlyForDeploymentPostprocessing = 0;
		};
/* End PBXFrameworksBuildPhase section */

/* Begin PBXGroup section */
		BA21AB7F24A44FB200217CFD = {
			isa = PBXGroup;
			children = (
				BA21AB8A24A44FB200217CFD /* Food Delivery */,
				BA21AB8924A44FB200217CFD /* Products */,
			);
			sourceTree = "<group>";
		};
		BA21AB8924A44FB200217CFD /* Products */ = {
			isa = PBXGroup;
			children = (
				BA21AB8824A44FB200217CFD /* Food Delivery.app */,
			);
			name = Products;
			sourceTree = "<group>";
		};
		BA21AB8A24A44FB200217CFD /* Food Delivery */ = {
			isa = PBXGroup;
			children = (
				BA21AB8B24A44FB200217CFD /* AppDelegate.swift */,
				BA21AB8D24A44FB200217CFD /* SceneDelegate.swift */,
				BA21AB8F24A44FB200217CFD /* ContentView.swift */,
				BAA5777524A4790A007400F0 /* HeroView.swift */,
				BA701C4624A4C7CF00119745 /* ImageLoader.swift */,
				BA21AB9124A44FB500217CFD /* Assets.xcassets */,
				BA21AB9624A44FB500217CFD /* LaunchScreen.storyboard */,
				BA21AB9924A44FB500217CFD /* Info.plist */,
				BA21AB9324A44FB500217CFD /* Preview Content */,
			);
			path = "Food Delivery";
			sourceTree = "<group>";
		};
		BA21AB9324A44FB500217CFD /* Preview Content */ = {
			isa = PBXGroup;
			children = (
				BA21AB9424A44FB500217CFD /* Preview Assets.xcassets */,
			);
			path = "Preview Content";
			sourceTree = "<group>";
		};
/* End PBXGroup section */

/* Begin PBXNativeTarget section */
		BA21AB8724A44FB200217CFD /* Food Delivery */ = {
			isa = PBXNativeTarget;
			buildConfigurationList = BA21AB9C24A44FB500217CFD /* Build configuration list for PBXNativeTarget "Food Delivery" */;
			buildPhases = (
				BA21AB8424A44FB200217CFD /* Sources */,
				BA21AB8524A44FB200217CFD /* Frameworks */,
				BA21AB8624A44FB200217CFD /* Resources */,
			);
			buildRules = (
			);
			dependencies = (
			);
			name = "Food Delivery";
			productName = "Food Delivery";
			productReference = BA21AB8824A44FB200217CFD /* Food Delivery.app */;
			productType = "com.apple.product-type.application";
		};
/* End PBXNativeTarget section */

/* Begin PBXProject section */
		BA21AB8024A44FB200217CFD /* Project object */ = {
			isa = PBXProject;
			attributes = {
				LastSwiftUpdateCheck = 1150;
				LastUpgradeCheck = 1150;
				ORGANIZATIONNAME = "Tanaka Mazivanhanga";
				TargetAttributes = {
					BA21AB8724A44FB200217CFD = {
						CreatedOnToolsVersion = 11.5;
					};
				};
			};
			buildConfigurationList = BA21AB8324A44FB200217CFD /* Build configuration list for PBXProject "Food Delivery" */;
			compatibilityVersion = "Xcode 9.3";
			developmentRegion = en;
			hasScannedForEncodings = 0;
			knownRegions = (
				en,
				Base,
			);
			mainGroup = BA21AB7F24A44FB200217CFD;
			productRefGroup = BA21AB8924A44FB200217CFD /* Products */;
			projectDirPath = "";
			projectRoot = "";
			targets = (
				BA21AB8724A44FB200217CFD /* Food Delivery */,
			);
		};
/* End PBXProject section */

/* Begin PBXResourcesBuildPhase section */
		BA21AB8624A44FB200217CFD /* Resources */ = {
			isa = PBXResourcesBuildPhase;
			buildActionMask = 2147483647;
			files = (
				BA21AB9824A44FB500217CFD /* LaunchScreen.storyboard in Resources */,
				BA21AB9524A44FB500217CFD /* Preview Assets.xcassets in Resources */,
				BA21AB9224A44FB500217CFD /* Assets.xcassets in Resources */,
			);
			runOnlyForDeploymentPostprocessing = 0;
		};
/* End PBXResourcesBuildPhase section */

/* Begin PBXSourcesBuildPhase section */
		BA21AB8424A44FB200217CFD /* Sources */ = {
			isa = PBXSourcesBuildPhase;
			buildActionMask = 2147483647;
			files = (
				BA21AB8C24A44FB200217CFD /* AppDelegate.swift in Sources */,
				BA21AB8E24A44FB200217CFD /* SceneDelegate.swift in Sources */,
				BA701C4724A4C7CF00119745 /* ImageLoader.swift in Sources */,
				BAA5777624A4790A007400F0 /* HeroView.swift in Sources */,
				BA21AB9024A44FB200217CFD /* ContentView.swift in Sources */,
			);
			runOnlyForDeploymentPostprocessing = 0;
		};
/* End PBXSourcesBuildPhase section */

/* Begin PBXVariantGroup section */
		BA21AB9624A44FB500217CFD /* LaunchScreen.storyboard */ = {
			isa = PBXVariantGroup;
			children = (
				BA21AB9724A44FB500217CFD /* Base */,
			);
			name = LaunchScreen.storyboard;
			sourceTree = "<group>";
		};
/* End PBXVariantGroup section */

/* Begin XCBuildConfiguration section */
		BA21AB9A24A44FB500217CFD /* Debug */ = {
			isa = XCBuildConfiguration;
			buildSettings = {
				ALWAYS_SEARCH_USER_PATHS = NO;
				CLANG_ANALYZER_NONNULL = YES;
				CLANG_ANALYZER_NUMBER_OBJECT_CONVERSION = YES_AGGRESSIVE;
				CLANG_CXX_LANGUAGE_STANDARD = "gnu++14";
				CLANG_CXX_LIBRARY = "libc++";
				CLANG_ENABLE_MODULES = YES;
				CLANG_ENABLE_OBJC_ARC = YES;
				CLANG_ENABLE_OBJC_WEAK = YES;
				CLANG_WARN_BLOCK_CAPTURE_AUTORELEASING = YES;
				CLANG_WARN_BOOL_CONVERSION = YES;
				CLANG_WARN_COMMA = YES;
				CLANG_WARN_CONSTANT_CONVERSION = YES;
				CLANG_WARN_DEPRECATED_OBJC_IMPLEMENTATIONS = YES;
				CLANG_WARN_DIRECT_OBJC_ISA_USAGE = YES_ERROR;
				CLANG_WARN_DOCUMENTATION_COMMENTS = YES;
				CLANG_WARN_EMPTY_BODY = YES;
				CLANG_WARN_ENUM_CONVERSION = YES;
				CLANG_WARN_INFINITE_RECURSION = YES;
				CLANG_WARN_INT_CONVERSION = YES;
				CLANG_WARN_NON_LITERAL_NULL_CONVERSION = YES;
				CLANG_WARN_OBJC_IMPLICIT_RETAIN_SELF = YES;
				CLANG_WARN_OBJC_LITERAL_CONVERSION = YES;
				CLANG_WARN_OBJC_ROOT_CLASS = YES_ERROR;
				CLANG_WARN_RANGE_LOOP_ANALYSIS = YES;
				CLANG_WARN_STRICT_PROTOTYPES = YES;
				CLANG_WARN_SUSPICIOUS_MOVE = YES;
				CLANG_WARN_UNGUARDED_AVAILABILITY = YES_AGGRESSIVE;
				CLANG_WARN_UNREACHABLE_CODE = YES;
				CLANG_WARN__DUPLICATE_METHOD_MATCH = YES;
				COPY_PHASE_STRIP = NO;
				DEBUG_INFORMATION_FORMAT = dwarf;
				ENABLE_STRICT_OBJC_MSGSEND = YES;
				ENABLE_TESTABILITY = YES;
				GCC_C_LANGUAGE_STANDARD = gnu11;
				GCC_DYNAMIC_NO_PIC = NO;
				GCC_NO_COMMON_BLOCKS = YES;
				GCC_OPTIMIZATION_LEVEL = 0;
				GCC_PREPROCESSOR_DEFINITIONS = (
					"DEBUG=1",
					"$(inherited)",
				);
				GCC_WARN_64_TO_32_BIT_CONVERSION = YES;
				GCC_WARN_ABOUT_RETURN_TYPE = YES_ERROR;
				GCC_WARN_UNDECLARED_SELECTOR = YES;
				GCC_WARN_UNINITIALIZED_AUTOS = YES_AGGRESSIVE;
				GCC_WARN_UNUSED_FUNCTION = YES;
				GCC_WARN_UNUSED_VARIABLE = YES;
				IPHONEOS_DEPLOYMENT_TARGET = 13.5;
				MTL_ENABLE_DEBUG_INFO = INCLUDE_SOURCE;
				MTL_FAST_MATH = YES;
				ONLY_ACTIVE_ARCH = YES;
				SDKROOT = iphoneos;
				SWIFT_ACTIVE_COMPILATION_CONDITIONS = DEBUG;
				SWIFT_OPTIMIZATION_LEVEL = "-Onone";
			};
			name = Debug;
		};
		BA21AB9B24A44FB500217CFD /* Release */ = {
			isa = XCBuildConfiguration;
			buildSettings = {
				ALWAYS_SEARCH_USER_PATHS = NO;
				CLANG_ANALYZER_NONNULL = YES;
				CLANG_ANALYZER_NUMBER_OBJECT_CONVERSION = YES_AGGRESSIVE;
				CLANG_CXX_LANGUAGE_STANDARD = "gnu++14";
				CLANG_CXX_LIBRARY = "libc++";
				CLANG_ENABLE_MODULES = YES;
				CLANG_ENABLE_OBJC_ARC = YES;
				CLANG_ENABLE_OBJC_WEAK = YES;
				CLANG_WARN_BLOCK_CAPTURE_AUTORELEASING = YES;
				CLANG_WARN_BOOL_CONVERSION = YES;
				CLANG_WARN_COMMA = YES;
				CLANG_WARN_CONSTANT_CONVERSION = YES;
				CLANG_WARN_DEPRECATED_OBJC_IMPLEMENTATIONS = YES;
				CLANG_WARN_DIRECT_OBJC_ISA_USAGE = YES_ERROR;
				CLANG_WARN_DOCUMENTATION_COMMENTS = YES;
				CLANG_WARN_EMPTY_BODY = YES;
				CLANG_WARN_ENUM_CONVERSION = YES;
				CLANG_WARN_INFINITE_RECURSION = YES;
				CLANG_WARN_INT_CONVERSION = YES;
				CLANG_WARN_NON_LITERAL_NULL_CONVERSION = YES;
				CLANG_WARN_OBJC_IMPLICIT_RETAIN_SELF = YES;
				CLANG_WARN_OBJC_LITERAL_CONVERSION = YES;
				CLANG_WARN_OBJC_ROOT_CLASS = YES_ERROR;
				CLANG_WARN_RANGE_LOOP_ANALYSIS = YES;
				CLANG_WARN_STRICT_PROTOTYPES = YES;
				CLANG_WARN_SUSPICIOUS_MOVE = YES;
				CLANG_WARN_UNGUARDED_AVAILABILITY = YES_AGGRESSIVE;
				CLANG_WARN_UNREACHABLE_CODE = YES;
				CLANG_WARN__DUPLICATE_METHOD_MATCH = YES;
				COPY_PHASE_STRIP = NO;
				DEBUG_INFORMATION_FORMAT = "dwarf-with-dsym";
				ENABLE_NS_ASSERTIONS = NO;
				ENABLE_STRICT_OBJC_MSGSEND = YES;
				GCC_C_LANGUAGE_STANDARD = gnu11;
				GCC_NO_COMMON_BLOCKS = YES;
				GCC_WARN_64_TO_32_BIT_CONVERSION = YES;
				GCC_WARN_ABOUT_RETURN_TYPE = YES_ERROR;
				GCC_WARN_UNDECLARED_SELECTOR = YES;
				GCC_WARN_UNINITIALIZED_AUTOS = YES_AGGRESSIVE;
				GCC_WARN_UNUSED_FUNCTION = YES;
				GCC_WARN_UNUSED_VARIABLE = YES;
				IPHONEOS_DEPLOYMENT_TARGET = 13.5;
				MTL_ENABLE_DEBUG_INFO = NO;
				MTL_FAST_MATH = YES;
				SDKROOT = iphoneos;
				SWIFT_COMPILATION_MODE = wholemodule;
				SWIFT_OPTIMIZATION_LEVEL = "-O";
				VALIDATE_PRODUCT = YES;
			};
			name = Release;
		};
		BA21AB9D24A44FB500217CFD /* Debug */ = {
			isa = XCBuildConfiguration;
			buildSettings = {
				ASSETCATALOG_COMPILER_APPICON_NAME = AppIcon;
				CODE_SIGN_STYLE = Automatic;
				DEVELOPMENT_ASSET_PATHS = "\"Food Delivery/Preview Content\"";
				DEVELOPMENT_TEAM = J3NVQ5AFC2;
				ENABLE_PREVIEWS = YES;
				INFOPLIST_FILE = "Food Delivery/Info.plist";
				LD_RUNPATH_SEARCH_PATHS = (
					"$(inherited)",
					"@executable_path/Frameworks",
				);
				PRODUCT_BUNDLE_IDENTIFIER = "com.tanakamazivanhanga.Food-Delivery";
				PRODUCT_NAME = "$(TARGET_NAME)";
				SWIFT_VERSION = 5.0;
				TARGETED_DEVICE_FAMILY = "1,2";
			};
			name = Debug;
		};
		BA21AB9E24A44FB500217CFD /* Release */ = {
			isa = XCBuildConfiguration;
			buildSettings = {
				ASSETCATALOG_COMPILER_APPICON_NAME = AppIcon;
				CODE_SIGN_STYLE = Automatic;
				DEVELOPMENT_ASSET_PATHS = "\"Food Delivery/Preview Content\"";
				DEVELOPMENT_TEAM = J3NVQ5AFC2;
				ENABLE_PREVIEWS = YES;
				INFOPLIST_FILE = "Food Delivery/Info.plist";
				LD_RUNPATH_SEARCH_PATHS = (
					"$(inherited)",
					"@executable_path/Frameworks",
				);
				PRODUCT_BUNDLE_IDENTIFIER = "com.tanakamazivanhanga.Food-Delivery";
				PRODUCT_NAME = "$(TARGET_NAME)";
				SWIFT_VERSION = 5.0;
				TARGETED_DEVICE_FAMILY = "1,2";
			};
			name = Release;
		};
/* End XCBuildConfiguration section */

/* Begin XCConfigurationList section */
		BA21AB8324A44FB200217CFD /* Build configuration list for PBXProject "Food Delivery" */ = {
			isa = XCConfigurationList;
			buildConfigurations = (
				BA21AB9A24A44FB500217CFD /* Debug */,
				BA21AB9B24A44FB500217CFD /* Release */,
			);
			defaultConfigurationIsVisible = 0;
			defaultConfigurationName = Release;
		};
		BA21AB9C24A44FB500217CFD /* Build configuration list for PBXNativeTarget "Food Delivery" */ = {
			isa = XCConfigurationList;
			buildConfigurations = (
				BA21AB9D24A44FB500217CFD /* Debug */,
				BA21AB9E24A44FB500217CFD /* Release */,
			);
			defaultConfigurationIsVisible = 0;
			defaultConfigurationName = Release;
		};
/* End XCConfigurationList section */
	};
	rootObject = BA21AB8024A44FB200217CFD /* Project object */;
}
